
Microsoft Visual Studio Solution File, Format Version 12.00
# Visual Studio Version 17
VisualStudioVersion = 17.13.35919.96
MinimumVisualStudioVersion = 10.0.40219.1
Project("{FAE04EC0-301F-11D3-BF4B-00C04F79EFBC}") = "QuatTran.Web", "QuatTran.Web\QuatTran.Web.csproj", "{853641DA-2644-42C3-9A61-88FAC1F91302}"
EndProject
Project("{FAE04EC0-301F-11D3-BF4B-00C04F79EFBC}") = "QuatTran.Application", "QuatTran.Application\QuatTran.Application.csproj", "{8C4B81C0-49F7-4C01-95E5-FBB382AB5EB2}"
EndProject
Project("{FAE04EC0-301F-11D3-BF4B-00C04F79EFBC}") = "QuatTran.Domain", "QuatTran.Domain\QuatTran.Domain.csproj", "{A38967CA-0BDF-48BD-9580-20417138FB2A}"
EndProject
Project("{FAE04EC0-301F-11D3-BF4B-00C04F79EFBC}") = "QuatTran.Infrastructure", "QuatTran.Infrastructure\QuatTran.Infrastructure.csproj", "{4BB40FC4-079B-4650-8216-3FB82AD3728F}"
EndProject
Project("{FAE04EC0-301F-11D3-BF4B-00C04F79EFBC}") = "ConsoleApp2", "ConsoleApp2\ConsoleApp2.csproj", "{9FACE7A8-F050-4372-8592-1A8E2FC5F2D7}"
EndProject
Global
	GlobalSection(SolutionConfigurationPlatforms) = preSolution
		Debug|Any CPU = Debug|Any CPU
		Release|Any CPU = Release|Any CPU
	EndGlobalSection
	GlobalSection(ProjectConfigurationPlatforms) = postSolution
		{853641DA-2644-42C3-9A61-88FAC1F91302}.Debug|Any CPU.ActiveCfg = Debug|Any CPU
		{853641DA-2644-42C3-9A61-88FAC1F91302}.Debug|Any CPU.Build.0 = Debug|Any CPU
		{853641DA-2644-42C3-9A61-88FAC1F91302}.Release|Any CPU.ActiveCfg = Release|Any CPU
		{853641DA-2644-42C3-9A61-88FAC1F91302}.Release|Any CPU.Build.0 = Release|Any CPU
		{8C4B81C0-49F7-4C01-95E5-FBB382AB5EB2}.Debug|Any CPU.ActiveCfg = Debug|Any CPU
		{8C4B81C0-49F7-4C01-95E5-FBB382AB5EB2}.Debug|Any CPU.Build.0 = Debug|Any CPU
		{8C4B81C0-49F7-4C01-95E5-FBB382AB5EB2}.Release|Any CPU.ActiveCfg = Release|Any CPU
		{8C4B81C0-49F7-4C01-95E5-FBB382AB5EB2}.Release|Any CPU.Build.0 = Release|Any CPU
		{A38967CA-0BDF-48BD-9580-20417138FB2A}.Debug|Any CPU.ActiveCfg = Debug|Any CPU
		{A38967CA-0BDF-48BD-9580-20417138FB2A}.Debug|Any CPU.Build.0 = Debug|Any CPU
		{A38967CA-0BDF-48BD-9580-20417138FB2A}.Release|Any CPU.ActiveCfg = Release|Any CPU
		{A38967CA-0BDF-48BD-9580-20417138FB2A}.Release|Any CPU.Build.0 = Release|Any CPU
		{4BB40FC4-079B-4650-8216-3FB82AD3728F}.Debug|Any CPU.ActiveCfg = Debug|Any CPU
		{4BB40FC4-079B-4650-8216-3FB82AD3728F}.Debug|Any CPU.Build.0 = Debug|Any CPU
		{4BB40FC4-079B-4650-8216-3FB82AD3728F}.Release|Any CPU.ActiveCfg = Release|Any CPU
		{4BB40FC4-079B-4650-8216-3FB82AD3728F}.Release|Any CPU.Build.0 = Release|Any CPU
		{9FACE7A8-F050-4372-8592-1A8E2FC5F2D7}.Debug|Any CPU.ActiveCfg = Debug|Any CPU
		{9FACE7A8-F050-4372-8592-1A8E2FC5F2D7}.Debug|Any CPU.Build.0 = Debug|Any CPU
		{9FACE7A8-F050-4372-8592-1A8E2FC5F2D7}.Release|Any CPU.ActiveCfg = Release|Any CPU
		{9FACE7A8-F050-4372-8592-1A8E2FC5F2D7}.Release|Any CPU.Build.0 = Release|Any CPU
	EndGlobalSection
	GlobalSection(SolutionProperties) = preSolution
		HideSolutionNode = FALSE
	EndGlobalSection
	GlobalSection(ExtensibilityGlobals) = postSolution
		SolutionGuid = {37CD8D9D-F07A-4819-8B83-BBA174202D78}
	EndGlobalSection
EndGlobal
